// !$*UTF8*$!
{
	archiveVersion = 1;
	classes = {
	};
	objectVersion = 46;
	objects = {

/* Begin PBXBuildFile section */
		322FFC0A1CADF524001B2C2C /* AppDelegate.swift in Sources */ = {isa = PBXBuildFile; fileRef = 322FFC091CADF523001B2C2C /* AppDelegate.swift */; };
		322FFC0C1CADF524001B2C2C /* ViewController.swift in Sources */ = {isa = PBXBuildFile; fileRef = 322FFC0B1CADF524001B2C2C /* ViewController.swift */; };
		322FFC0F1CADF524001B2C2C /* Main.storyboard in Resources */ = {isa = PBXBuildFile; fileRef = 322FFC0D1CADF524001B2C2C /* Main.storyboard */; };
		322FFC111CADF524001B2C2C /* Assets.xcassets in Resources */ = {isa = PBXBuildFile; fileRef = 322FFC101CADF524001B2C2C /* Assets.xcassets */; };
		322FFC141CADF524001B2C2C /* LaunchScreen.storyboard in Resources */ = {isa = PBXBuildFile; fileRef = 322FFC121CADF524001B2C2C /* LaunchScreen.storyboard */; };
		322FFC1F1CADF524001B2C2C /* SWKeyTests.swift in Sources */ = {isa = PBXBuildFile; fileRef = 322FFC1E1CADF524001B2C2C /* SWKeyTests.swift */; };
		322FFC2A1CADF524001B2C2C /* SWKeyUITests.swift in Sources */ = {isa = PBXBuildFile; fileRef = 322FFC291CADF524001B2C2C /* SWKeyUITests.swift */; };
		322FFC931CAE428F001B2C2C /* otp_centerline.png in Resources */ = {isa = PBXBuildFile; fileRef = 322FFC751CAE428F001B2C2C /* otp_centerline.png */; };
		322FFC941CAE428F001B2C2C /* otp_firstpage_top.png in Resources */ = {isa = PBXBuildFile; fileRef = 322FFC761CAE428F001B2C2C /* otp_firstpage_top.png */; };
		322FFC951CAE428F001B2C2C /* otp_number_bg.png in Resources */ = {isa = PBXBuildFile; fileRef = 322FFC771CAE428F001B2C2C /* otp_number_bg.png */; };
		322FFC961CAE428F001B2C2C /* otp_number_eight.png in Resources */ = {isa = PBXBuildFile; fileRef = 322FFC781CAE428F001B2C2C /* otp_number_eight.png */; };
		322FFC971CAE428F001B2C2C /* otp_number_eight_fuzzy.png in Resources */ = {isa = PBXBuildFile; fileRef = 322FFC791CAE428F001B2C2C /* otp_number_eight_fuzzy.png */; };
		322FFC981CAE428F001B2C2C /* otp_number_five.png in Resources */ = {isa = PBXBuildFile; fileRef = 322FFC7A1CAE428F001B2C2C /* otp_number_five.png */; };
		322FFC991CAE428F001B2C2C /* otp_number_five_fuzzy.png in Resources */ = {isa = PBXBuildFile; fileRef = 322FFC7B1CAE428F001B2C2C /* otp_number_five_fuzzy.png */; };
		322FFC9A1CAE428F001B2C2C /* otp_number_four.png in Resources */ = {isa = PBXBuildFile; fileRef = 322FFC7C1CAE428F001B2C2C /* otp_number_four.png */; };
		322FFC9B1CAE428F001B2C2C /* otp_number_four_fuzzy.png in Resources */ = {isa = PBXBuildFile; fileRef = 322FFC7D1CAE428F001B2C2C /* otp_number_four_fuzzy.png */; };
		322FFC9C1CAE428F001B2C2C /* otp_number_nine.png in Resources */ = {isa = PBXBuildFile; fileRef = 322FFC7E1CAE428F001B2C2C /* otp_number_nine.png */; };
		322FFC9D1CAE428F001B2C2C /* otp_number_nine_fuzzy.png in Resources */ = {isa = PBXBuildFile; fileRef = 322FFC7F1CAE428F001B2C2C /* otp_number_nine_fuzzy.png */; };
		322FFC9E1CAE428F001B2C2C /* otp_number_one.png in Resources */ = {isa = PBXBuildFile; fileRef = 322FFC801CAE428F001B2C2C /* otp_number_one.png */; };
		322FFC9F1CAE428F001B2C2C /* otp_number_one_fuzzy.png in Resources */ = {isa = PBXBuildFile; fileRef = 322FFC811CAE428F001B2C2C /* otp_number_one_fuzzy.png */; };
		322FFCA01CAE428F001B2C2C /* otp_number_seven.png in Resources */ = {isa = PBXBuildFile; fileRef = 322FFC821CAE428F001B2C2C /* otp_number_seven.png */; };
		322FFCA11CAE428F001B2C2C /* otp_number_seven_fuzzy.png in Resources */ = {isa = PBXBuildFile; fileRef = 322FFC831CAE428F001B2C2C /* otp_number_seven_fuzzy.png */; };
		322FFCA21CAE428F001B2C2C /* otp_number_six.png in Resources */ = {isa = PBXBuildFile; fileRef = 322FFC841CAE428F001B2C2C /* otp_number_six.png */; };
		322FFCA31CAE428F001B2C2C /* otp_number_six_fuzzy.png in Resources */ = {isa = PBXBuildFile; fileRef = 322FFC851CAE428F001B2C2C /* otp_number_six_fuzzy.png */; };
		322FFCA41CAE428F001B2C2C /* otp_number_three.png in Resources */ = {isa = PBXBuildFile; fileRef = 322FFC861CAE428F001B2C2C /* otp_number_three.png */; };
		322FFCA51CAE428F001B2C2C /* otp_number_three_fuzzy.png in Resources */ = {isa = PBXBuildFile; fileRef = 322FFC871CAE428F001B2C2C /* otp_number_three_fuzzy.png */; };
		322FFCA61CAE428F001B2C2C /* otp_number_two.png in Resources */ = {isa = PBXBuildFile; fileRef = 322FFC881CAE428F001B2C2C /* otp_number_two.png */; };
		322FFCA71CAE428F001B2C2C /* otp_number_two_fuzzy.png in Resources */ = {isa = PBXBuildFile; fileRef = 322FFC891CAE428F001B2C2C /* otp_number_two_fuzzy.png */; };
		322FFCA81CAE428F001B2C2C /* otp_number_zero.png in Resources */ = {isa = PBXBuildFile; fileRef = 322FFC8A1CAE428F001B2C2C /* otp_number_zero.png */; };
		322FFCA91CAE428F001B2C2C /* otp_number_zero_fuzzy.png in Resources */ = {isa = PBXBuildFile; fileRef = 322FFC8B1CAE428F001B2C2C /* otp_number_zero_fuzzy.png */; };
		322FFCAA1CAE428F001B2C2C /* otp_synchronization_time_button_normal.png in Resources */ = {isa = PBXBuildFile; fileRef = 322FFC8C1CAE428F001B2C2C /* otp_synchronization_time_button_normal.png */; };
		322FFCAB1CAE428F001B2C2C /* otp_synchronization_time_button_press.png in Resources */ = {isa = PBXBuildFile; fileRef = 322FFC8D1CAE428F001B2C2C /* otp_synchronization_time_button_press.png */; };
		322FFCAC1CAE428F001B2C2C /* otp_warning_icon.png in Resources */ = {isa = PBXBuildFile; fileRef = 322FFC8E1CAE428F001B2C2C /* otp_warning_icon.png */; };
		322FFCAD1CAE428F001B2C2C /* question.png in Resources */ = {isa = PBXBuildFile; fileRef = 322FFC8F1CAE428F001B2C2C /* question.png */; };
		322FFCB01CAE46B2001B2C2C /* Prefix.swift in Sources */ = {isa = PBXBuildFile; fileRef = 322FFCAF1CAE46B2001B2C2C /* Prefix.swift */; };
/* End PBXBuildFile section */

/* Begin PBXContainerItemProxy section */
		322FFC1B1CADF524001B2C2C /* PBXContainerItemProxy */ = {
			isa = PBXContainerItemProxy;
			containerPortal = 322FFBFE1CADF523001B2C2C /* Project object */;
			proxyType = 1;
			remoteGlobalIDString = 322FFC051CADF523001B2C2C;
			remoteInfo = SWKey;
		};
		322FFC261CADF524001B2C2C /* PBXContainerItemProxy */ = {
			isa = PBXContainerItemProxy;
			containerPortal = 322FFBFE1CADF523001B2C2C /* Project object */;
			proxyType = 1;
			remoteGlobalIDString = 322FFC051CADF523001B2C2C;
			remoteInfo = SWKey;
		};
/* End PBXContainerItemProxy section */

/* Begin PBXFileReference section */
		322FFC061CADF523001B2C2C /* SWKey.app */ = {isa = PBXFileReference; explicitFileType = wrapper.application; includeInIndex = 0; path = SWKey.app; sourceTree = BUILT_PRODUCTS_DIR; };
		322FFC091CADF523001B2C2C /* AppDelegate.swift */ = {isa = PBXFileReference; lastKnownFileType = sourcecode.swift; path = AppDelegate.swift; sourceTree = "<group>"; };
		322FFC0B1CADF524001B2C2C /* ViewController.swift */ = {isa = PBXFileReference; lastKnownFileType = sourcecode.swift; path = ViewController.swift; sourceTree = "<group>"; };
		322FFC0E1CADF524001B2C2C /* Base */ = {isa = PBXFileReference; lastKnownFileType = file.storyboard; name = Base; path = Base.lproj/Main.storyboard; sourceTree = "<group>"; };
		322FFC101CADF524001B2C2C /* Assets.xcassets */ = {isa = PBXFileReference; lastKnownFileType = folder.assetcatalog; path = Assets.xcassets; sourceTree = "<group>"; };
		322FFC131CADF524001B2C2C /* Base */ = {isa = PBXFileReference; lastKnownFileType = file.storyboard; name = Base; path = Base.lproj/LaunchScreen.storyboard; sourceTree = "<group>"; };
		322FFC151CADF524001B2C2C /* Info.plist */ = {isa = PBXFileReference; lastKnownFileType = text.plist.xml; path = Info.plist; sourceTree = "<group>"; };
		322FFC1A1CADF524001B2C2C /* SWKeyTests.xctest */ = {isa = PBXFileReference; explicitFileType = wrapper.cfbundle; includeInIndex = 0; path = SWKeyTests.xctest; sourceTree = BUILT_PRODUCTS_DIR; };
		322FFC1E1CADF524001B2C2C /* SWKeyTests.swift */ = {isa = PBXFileReference; lastKnownFileType = sourcecode.swift; path = SWKeyTests.swift; sourceTree = "<group>"; };
		322FFC201CADF524001B2C2C /* Info.plist */ = {isa = PBXFileReference; lastKnownFileType = text.plist.xml; path = Info.plist; sourceTree = "<group>"; };
		322FFC251CADF524001B2C2C /* SWKeyUITests.xctest */ = {isa = PBXFileReference; explicitFileType = wrapper.cfbundle; includeInIndex = 0; path = SWKeyUITests.xctest; sourceTree = BUILT_PRODUCTS_DIR; };
		322FFC291CADF524001B2C2C /* SWKeyUITests.swift */ = {isa = PBXFileReference; lastKnownFileType = sourcecode.swift; path = SWKeyUITests.swift; sourceTree = "<group>"; };
		322FFC2B1CADF524001B2C2C /* Info.plist */ = {isa = PBXFileReference; lastKnownFileType = text.plist.xml; path = Info.plist; sourceTree = "<group>"; };
		322FFC751CAE428F001B2C2C /* otp_centerline.png */ = {isa = PBXFileReference; lastKnownFileType = image.png; path = otp_centerline.png; sourceTree = "<group>"; };
		322FFC761CAE428F001B2C2C /* otp_firstpage_top.png */ = {isa = PBXFileReference; lastKnownFileType = image.png; path = otp_firstpage_top.png; sourceTree = "<group>"; };
		322FFC771CAE428F001B2C2C /* otp_number_bg.png */ = {isa = PBXFileReference; lastKnownFileType = image.png; path = otp_number_bg.png; sourceTree = "<group>"; };
		322FFC781CAE428F001B2C2C /* otp_number_eight.png */ = {isa = PBXFileReference; lastKnownFileType = image.png; path = otp_number_eight.png; sourceTree = "<group>"; };
		322FFC791CAE428F001B2C2C /* otp_number_eight_fuzzy.png */ = {isa = PBXFileReference; lastKnownFileType = image.png; path = otp_number_eight_fuzzy.png; sourceTree = "<group>"; };
		322FFC7A1CAE428F001B2C2C /* otp_number_five.png */ = {isa = PBXFileReference; lastKnownFileType = image.png; path = otp_number_five.png; sourceTree = "<group>"; };
		322FFC7B1CAE428F001B2C2C /* otp_number_five_fuzzy.png */ = {isa = PBXFileReference; lastKnownFileType = image.png; path = otp_number_five_fuzzy.png; sourceTree = "<group>"; };
		322FFC7C1CAE428F001B2C2C /* otp_number_four.png */ = {isa = PBXFileReference; lastKnownFileType = image.png; path = otp_number_four.png; sourceTree = "<group>"; };
		322FFC7D1CAE428F001B2C2C /* otp_number_four_fuzzy.png */ = {isa = PBXFileReference; lastKnownFileType = image.png; path = otp_number_four_fuzzy.png; sourceTree = "<group>"; };
		322FFC7E1CAE428F001B2C2C /* otp_number_nine.png */ = {isa = PBXFileReference; lastKnownFileType = image.png; path = otp_number_nine.png; sourceTree = "<group>"; };
		322FFC7F1CAE428F001B2C2C /* otp_number_nine_fuzzy.png */ = {isa = PBXFileReference; lastKnownFileType = image.png; path = otp_number_nine_fuzzy.png; sourceTree = "<group>"; };
		322FFC801CAE428F001B2C2C /* otp_number_one.png */ = {isa = PBXFileReference; lastKnownFileType = image.png; path = otp_number_one.png; sourceTree = "<group>"; };
		322FFC811CAE428F001B2C2C /* otp_number_one_fuzzy.png */ = {isa = PBXFileReference; lastKnownFileType = image.png; path = otp_number_one_fuzzy.png; sourceTree = "<group>"; };
		322FFC821CAE428F001B2C2C /* otp_number_seven.png */ = {isa = PBXFileReference; lastKnownFileType = image.png; path = otp_number_seven.png; sourceTree = "<group>"; };
		322FFC831CAE428F001B2C2C /* otp_number_seven_fuzzy.png */ = {isa = PBXFileReference; lastKnownFileType = image.png; path = otp_number_seven_fuzzy.png; sourceTree = "<group>"; };
		322FFC841CAE428F001B2C2C /* otp_number_six.png */ = {isa = PBXFileReference; lastKnownFileType = image.png; path = otp_number_six.png; sourceTree = "<group>"; };
		322FFC851CAE428F001B2C2C /* otp_number_six_fuzzy.png */ = {isa = PBXFileReference; lastKnownFileType = image.png; path = otp_number_six_fuzzy.png; sourceTree = "<group>"; };
		322FFC861CAE428F001B2C2C /* otp_number_three.png */ = {isa = PBXFileReference; lastKnownFileType = image.png; path = otp_number_three.png; sourceTree = "<group>"; };
		322FFC871CAE428F001B2C2C /* otp_number_three_fuzzy.png */ = {isa = PBXFileReference; lastKnownFileType = image.png; path = otp_number_three_fuzzy.png; sourceTree = "<group>"; };
		322FFC881CAE428F001B2C2C /* otp_number_two.png */ = {isa = PBXFileReference; lastKnownFileType = image.png; path = otp_number_two.png; sourceTree = "<group>"; };
		322FFC891CAE428F001B2C2C /* otp_number_two_fuzzy.png */ = {isa = PBXFileReference; lastKnownFileType = image.png; path = otp_number_two_fuzzy.png; sourceTree = "<group>"; };
		322FFC8A1CAE428F001B2C2C /* otp_number_zero.png */ = {isa = PBXFileReference; lastKnownFileType = image.png; path = otp_number_zero.png; sourceTree = "<group>"; };
		322FFC8B1CAE428F001B2C2C /* otp_number_zero_fuzzy.png */ = {isa = PBXFileReference; lastKnownFileType = image.png; path = otp_number_zero_fuzzy.png; sourceTree = "<group>"; };
		322FFC8C1CAE428F001B2C2C /* otp_synchronization_time_button_normal.png */ = {isa = PBXFileReference; lastKnownFileType = image.png; path = otp_synchronization_time_button_normal.png; sourceTree = "<group>"; };
		322FFC8D1CAE428F001B2C2C /* otp_synchronization_time_button_press.png */ = {isa = PBXFileReference; lastKnownFileType = image.png; path = otp_synchronization_time_button_press.png; sourceTree = "<group>"; };
		322FFC8E1CAE428F001B2C2C /* otp_warning_icon.png */ = {isa = PBXFileReference; lastKnownFileType = image.png; path = otp_warning_icon.png; sourceTree = "<group>"; };
		322FFC8F1CAE428F001B2C2C /* question.png */ = {isa = PBXFileReference; lastKnownFileType = image.png; path = question.png; sourceTree = "<group>"; };
		322FFCAF1CAE46B2001B2C2C /* Prefix.swift */ = {isa = PBXFileReference; fileEncoding = 4; lastKnownFileType = sourcecode.swift; path = Prefix.swift; sourceTree = "<group>"; };
/* End PBXFileReference section */

/* Begin PBXFrameworksBuildPhase section */
		322FFC031CADF523001B2C2C /* Frameworks */ = {
			isa = PBXFrameworksBuildPhase;
			buildActionMask = 2147483647;
			files = (
			);
			runOnlyForDeploymentPostprocessing = 0;
		};
		322FFC171CADF524001B2C2C /* Frameworks */ = {
			isa = PBXFrameworksBuildPhase;
			buildActionMask = 2147483647;
			files = (
			);
			runOnlyForDeploymentPostprocessing = 0;
		};
		322FFC221CADF524001B2C2C /* Frameworks */ = {
			isa = PBXFrameworksBuildPhase;
			buildActionMask = 2147483647;
			files = (
			);
			runOnlyForDeploymentPostprocessing = 0;
		};
/* End PBXFrameworksBuildPhase section */

/* Begin PBXGroup section */
		322FFBFD1CADF523001B2C2C = {
			isa = PBXGroup;
			children = (
				322FFC081CADF523001B2C2C /* SWKey */,
				322FFC1D1CADF524001B2C2C /* SWKeyTests */,
				322FFC281CADF524001B2C2C /* SWKeyUITests */,
				322FFC071CADF523001B2C2C /* Products */,
			);
			sourceTree = "<group>";
		};
		322FFC071CADF523001B2C2C /* Products */ = {
			isa = PBXGroup;
			children = (
				322FFC061CADF523001B2C2C /* SWKey.app */,
				322FFC1A1CADF524001B2C2C /* SWKeyTests.xctest */,
				322FFC251CADF524001B2C2C /* SWKeyUITests.xctest */,
			);
			name = Products;
			sourceTree = "<group>";
		};
		322FFC081CADF523001B2C2C /* SWKey */ = {
			isa = PBXGroup;
			children = (
				322FFC091CADF523001B2C2C /* AppDelegate.swift */,
				322FFC0B1CADF524001B2C2C /* ViewController.swift */,
				322FFC0D1CADF524001B2C2C /* Main.storyboard */,
				322FFC101CADF524001B2C2C /* Assets.xcassets */,
				322FFC121CADF524001B2C2C /* LaunchScreen.storyboard */,
				322FFC151CADF524001B2C2C /* Info.plist */,
				322FFCAF1CAE46B2001B2C2C /* Prefix.swift */,
				322FFC731CAE426C001B2C2C /* Resources */,
			);
			path = SWKey;
			sourceTree = "<group>";
		};
		322FFC1D1CADF524001B2C2C /* SWKeyTests */ = {
			isa = PBXGroup;
			children = (
				322FFC1E1CADF524001B2C2C /* SWKeyTests.swift */,
				322FFC201CADF524001B2C2C /* Info.plist */,
			);
			path = SWKeyTests;
			sourceTree = "<group>";
		};
		322FFC281CADF524001B2C2C /* SWKeyUITests */ = {
			isa = PBXGroup;
			children = (
				322FFC291CADF524001B2C2C /* SWKeyUITests.swift */,
				322FFC2B1CADF524001B2C2C /* Info.plist */,
			);
			path = SWKeyUITests;
			sourceTree = "<group>";
		};
		322FFC731CAE426C001B2C2C /* Resources */ = {
			isa = PBXGroup;
			children = (
				322FFC741CAE428F001B2C2C /* Images */,
			);
			path = Resources;
			sourceTree = "<group>";
		};
		322FFC741CAE428F001B2C2C /* Images */ = {
			isa = PBXGroup;
			children = (
				322FFC751CAE428F001B2C2C /* otp_centerline.png */,
				322FFC761CAE428F001B2C2C /* otp_firstpage_top.png */,
				322FFC771CAE428F001B2C2C /* otp_number_bg.png */,
				322FFC781CAE428F001B2C2C /* otp_number_eight.png */,
				322FFC791CAE428F001B2C2C /* otp_number_eight_fuzzy.png */,
				322FFC7A1CAE428F001B2C2C /* otp_number_five.png */,
				322FFC7B1CAE428F001B2C2C /* otp_number_five_fuzzy.png */,
				322FFC7C1CAE428F001B2C2C /* otp_number_four.png */,
				322FFC7D1CAE428F001B2C2C /* otp_number_four_fuzzy.png */,
				322FFC7E1CAE428F001B2C2C /* otp_number_nine.png */,
				322FFC7F1CAE428F001B2C2C /* otp_number_nine_fuzzy.png */,
				322FFC801CAE428F001B2C2C /* otp_number_one.png */,
				322FFC811CAE428F001B2C2C /* otp_number_one_fuzzy.png */,
				322FFC821CAE428F001B2C2C /* otp_number_seven.png */,
				322FFC831CAE428F001B2C2C /* otp_number_seven_fuzzy.png */,
				322FFC841CAE428F001B2C2C /* otp_number_six.png */,
				322FFC851CAE428F001B2C2C /* otp_number_six_fuzzy.png */,
				322FFC861CAE428F001B2C2C /* otp_number_three.png */,
				322FFC871CAE428F001B2C2C /* otp_number_three_fuzzy.png */,
				322FFC881CAE428F001B2C2C /* otp_number_two.png */,
				322FFC891CAE428F001B2C2C /* otp_number_two_fuzzy.png */,
				322FFC8A1CAE428F001B2C2C /* otp_number_zero.png */,
				322FFC8B1CAE428F001B2C2C /* otp_number_zero_fuzzy.png */,
				322FFC8C1CAE428F001B2C2C /* otp_synchronization_time_button_normal.png */,
				322FFC8D1CAE428F001B2C2C /* otp_synchronization_time_button_press.png */,
				322FFC8E1CAE428F001B2C2C /* otp_warning_icon.png */,
				322FFC8F1CAE428F001B2C2C /* question.png */,
			);
			path = Images;
			sourceTree = "<group>";
		};
/* End PBXGroup section */

/* Begin PBXNativeTarget section */
		322FFC051CADF523001B2C2C /* SWKey */ = {
			isa = PBXNativeTarget;
			buildConfigurationList = 322FFC2E1CADF524001B2C2C /* Build configuration list for PBXNativeTarget "SWKey" */;
			buildPhases = (
				322FFC021CADF523001B2C2C /* Sources */,
				322FFC031CADF523001B2C2C /* Frameworks */,
				322FFC041CADF523001B2C2C /* Resources */,
			);
			buildRules = (
			);
			dependencies = (
			);
			name = SWKey;
			productName = SWKey;
			productReference = 322FFC061CADF523001B2C2C /* SWKey.app */;
			productType = "com.apple.product-type.application";
		};
		322FFC191CADF524001B2C2C /* SWKeyTests */ = {
			isa = PBXNativeTarget;
			buildConfigurationList = 322FFC311CADF524001B2C2C /* Build configuration list for PBXNativeTarget "SWKeyTests" */;
			buildPhases = (
				322FFC161CADF524001B2C2C /* Sources */,
				322FFC171CADF524001B2C2C /* Frameworks */,
				322FFC181CADF524001B2C2C /* Resources */,
			);
			buildRules = (
			);
			dependencies = (
				322FFC1C1CADF524001B2C2C /* PBXTargetDependency */,
			);
			name = SWKeyTests;
			productName = SWKeyTests;
			productReference = 322FFC1A1CADF524001B2C2C /* SWKeyTests.xctest */;
			productType = "com.apple.product-type.bundle.unit-test";
		};
		322FFC241CADF524001B2C2C /* SWKeyUITests */ = {
			isa = PBXNativeTarget;
			buildConfigurationList = 322FFC341CADF524001B2C2C /* Build configuration list for PBXNativeTarget "SWKeyUITests" */;
			buildPhases = (
				322FFC211CADF524001B2C2C /* Sources */,
				322FFC221CADF524001B2C2C /* Frameworks */,
				322FFC231CADF524001B2C2C /* Resources */,
			);
			buildRules = (
			);
			dependencies = (
				322FFC271CADF524001B2C2C /* PBXTargetDependency */,
			);
			name = SWKeyUITests;
			productName = SWKeyUITests;
			productReference = 322FFC251CADF524001B2C2C /* SWKeyUITests.xctest */;
			productType = "com.apple.product-type.bundle.ui-testing";
		};
/* End PBXNativeTarget section */

/* Begin PBXProject section */
		322FFBFE1CADF523001B2C2C /* Project object */ = {
			isa = PBXProject;
			attributes = {
				LastSwiftUpdateCheck = 0730;
				LastUpgradeCheck = 0730;
				ORGANIZATIONNAME = liuyes;
				TargetAttributes = {
					322FFC051CADF523001B2C2C = {
						CreatedOnToolsVersion = 7.3;
					};
					322FFC191CADF524001B2C2C = {
						CreatedOnToolsVersion = 7.3;
						TestTargetID = 322FFC051CADF523001B2C2C;
					};
					322FFC241CADF524001B2C2C = {
						CreatedOnToolsVersion = 7.3;
						TestTargetID = 322FFC051CADF523001B2C2C;
					};
				};
			};
			buildConfigurationList = 322FFC011CADF523001B2C2C /* Build configuration list for PBXProject "SWKey" */;
			compatibilityVersion = "Xcode 3.2";
			developmentRegion = English;
			hasScannedForEncodings = 0;
			knownRegions = (
				en,
				Base,
			);
			mainGroup = 322FFBFD1CADF523001B2C2C;
			productRefGroup = 322FFC071CADF523001B2C2C /* Products */;
			projectDirPath = "";
			projectRoot = "";
			targets = (
				322FFC051CADF523001B2C2C /* SWKey */,
				322FFC191CADF524001B2C2C /* SWKeyTests */,
				322FFC241CADF524001B2C2C /* SWKeyUITests */,
			);
		};
/* End PBXProject section */

/* Begin PBXResourcesBuildPhase section */
		322FFC041CADF523001B2C2C /* Resources */ = {
			isa = PBXResourcesBuildPhase;
			buildActionMask = 2147483647;
			files = (
				322FFC931CAE428F001B2C2C /* otp_centerline.png in Resources */,
				322FFCAB1CAE428F001B2C2C /* otp_synchronization_time_button_press.png in Resources */,
				322FFCAC1CAE428F001B2C2C /* otp_warning_icon.png in Resources */,
				322FFC9D1CAE428F001B2C2C /* otp_number_nine_fuzzy.png in Resources */,
				322FFC9C1CAE428F001B2C2C /* otp_number_nine.png in Resources */,
				322FFC141CADF524001B2C2C /* LaunchScreen.storyboard in Resources */,
				322FFC9A1CAE428F001B2C2C /* otp_number_four.png in Resources */,
				322FFCA41CAE428F001B2C2C /* otp_number_three.png in Resources */,
				322FFC111CADF524001B2C2C /* Assets.xcassets in Resources */,
				322FFCA91CAE428F001B2C2C /* otp_number_zero_fuzzy.png in Resources */,
				322FFCAA1CAE428F001B2C2C /* otp_synchronization_time_button_normal.png in Resources */,
				322FFC981CAE428F001B2C2C /* otp_number_five.png in Resources */,
				322FFC9B1CAE428F001B2C2C /* otp_number_four_fuzzy.png in Resources */,
				322FFCA31CAE428F001B2C2C /* otp_number_six_fuzzy.png in Resources */,
				322FFCA01CAE428F001B2C2C /* otp_number_seven.png in Resources */,
				322FFC941CAE428F001B2C2C /* otp_firstpage_top.png in Resources */,
				322FFC991CAE428F001B2C2C /* otp_number_five_fuzzy.png in Resources */,
				322FFC961CAE428F001B2C2C /* otp_number_eight.png in Resources */,
				322FFCA71CAE428F001B2C2C /* otp_number_two_fuzzy.png in Resources */,
				322FFCA51CAE428F001B2C2C /* otp_number_three_fuzzy.png in Resources */,
				322FFCA21CAE428F001B2C2C /* otp_number_six.png in Resources */,
				322FFC9E1CAE428F001B2C2C /* otp_number_one.png in Resources */,
				322FFC0F1CADF524001B2C2C /* Main.storyboard in Resources */,
				322FFC951CAE428F001B2C2C /* otp_number_bg.png in Resources */,
				322FFCA11CAE428F001B2C2C /* otp_number_seven_fuzzy.png in Resources */,
				322FFCAD1CAE428F001B2C2C /* question.png in Resources */,
				322FFC9F1CAE428F001B2C2C /* otp_number_one_fuzzy.png in Resources */,
				322FFCA61CAE428F001B2C2C /* otp_number_two.png in Resources */,
				322FFC971CAE428F001B2C2C /* otp_number_eight_fuzzy.png in Resources */,
				322FFCA81CAE428F001B2C2C /* otp_number_zero.png in Resources */,
			);
			runOnlyForDeploymentPostprocessing = 0;
		};
		322FFC181CADF524001B2C2C /* Resources */ = {
			isa = PBXResourcesBuildPhase;
			buildActionMask = 2147483647;
			files = (
			);
			runOnlyForDeploymentPostprocessing = 0;
		};
		322FFC231CADF524001B2C2C /* Resources */ = {
			isa = PBXResourcesBuildPhase;
			buildActionMask = 2147483647;
			files = (
			);
			runOnlyForDeploymentPostprocessing = 0;
		};
/* End PBXResourcesBuildPhase section */

/* Begin PBXSourcesBuildPhase section */
		322FFC021CADF523001B2C2C /* Sources */ = {
			isa = PBXSourcesBuildPhase;
			buildActionMask = 2147483647;
			files = (
				322FFC0C1CADF524001B2C2C /* ViewController.swift in Sources */,
				322FFCB01CAE46B2001B2C2C /* Prefix.swift in Sources */,
				322FFC0A1CADF524001B2C2C /* AppDelegate.swift in Sources */,
			);
			runOnlyForDeploymentPostprocessing = 0;
		};
		322FFC161CADF524001B2C2C /* Sources */ = {
			isa = PBXSourcesBuildPhase;
			buildActionMask = 2147483647;
			files = (
				322FFC1F1CADF524001B2C2C /* SWKeyTests.swift in Sources */,
			);
			runOnlyForDeploymentPostprocessing = 0;
		};
		322FFC211CADF524001B2C2C /* Sources */ = {
			isa = PBXSourcesBuildPhase;
			buildActionMask = 2147483647;
			files = (
				322FFC2A1CADF524001B2C2C /* SWKeyUITests.swift in Sources */,
			);
			runOnlyForDeploymentPostprocessing = 0;
		};
/* End PBXSourcesBuildPhase section */

/* Begin PBXTargetDependency section */
		322FFC1C1CADF524001B2C2C /* PBXTargetDependency */ = {
			isa = PBXTargetDependency;
			target = 322FFC051CADF523001B2C2C /* SWKey */;
			targetProxy = 322FFC1B1CADF524001B2C2C /* PBXContainerItemProxy */;
		};
		322FFC271CADF524001B2C2C /* PBXTargetDependency */ = {
			isa = PBXTargetDependency;
			target = 322FFC051CADF523001B2C2C /* SWKey */;
			targetProxy = 322FFC261CADF524001B2C2C /* PBXContainerItemProxy */;
		};
/* End PBXTargetDependency section */

/* Begin PBXVariantGroup section */
		322FFC0D1CADF524001B2C2C /* Main.storyboard */ = {
			isa = PBXVariantGroup;
			children = (
				322FFC0E1CADF524001B2C2C /* Base */,
			);
			name = Main.storyboard;
			sourceTree = "<group>";
		};
		322FFC121CADF524001B2C2C /* LaunchScreen.storyboard */ = {
			isa = PBXVariantGroup;
			children = (
				322FFC131CADF524001B2C2C /* Base */,
			);
			name = LaunchScreen.storyboard;
			sourceTree = "<group>";
		};
/* End PBXVariantGroup section */

/* Begin XCBuildConfiguration section */
		322FFC2C1CADF524001B2C2C /* Debug */ = {
			isa = XCBuildConfiguration;
			buildSettings = {
				ALWAYS_SEARCH_USER_PATHS = NO;
				CLANG_ANALYZER_NONNULL = YES;
				CLANG_CXX_LANGUAGE_STANDARD = "gnu++0x";
				CLANG_CXX_LIBRARY = "libc++";
				CLANG_ENABLE_MODULES = YES;
				CLANG_ENABLE_OBJC_ARC = YES;
				CLANG_WARN_BOOL_CONVERSION = YES;
				CLANG_WARN_CONSTANT_CONVERSION = YES;
				CLANG_WARN_DIRECT_OBJC_ISA_USAGE = YES_ERROR;
				CLANG_WARN_EMPTY_BODY = YES;
				CLANG_WARN_ENUM_CONVERSION = YES;
				CLANG_WARN_INT_CONVERSION = YES;
				CLANG_WARN_OBJC_ROOT_CLASS = YES_ERROR;
				CLANG_WARN_UNREACHABLE_CODE = YES;
				CLANG_WARN__DUPLICATE_METHOD_MATCH = YES;
				"CODE_SIGN_IDENTITY[sdk=iphoneos*]" = "iPhone Developer";
				COPY_PHASE_STRIP = NO;
				DEBUG_INFORMATION_FORMAT = dwarf;
				ENABLE_STRICT_OBJC_MSGSEND = YES;
				ENABLE_TESTABILITY = YES;
				GCC_C_LANGUAGE_STANDARD = gnu99;
				GCC_DYNAMIC_NO_PIC = NO;
				GCC_NO_COMMON_BLOCKS = YES;
				GCC_OPTIMIZATION_LEVEL = 0;
				GCC_PREPROCESSOR_DEFINITIONS = (
					"DEBUG=1",
					"$(inherited)",
				);
				GCC_WARN_64_TO_32_BIT_CONVERSION = YES;
				GCC_WARN_ABOUT_RETURN_TYPE = YES_ERROR;
				GCC_WARN_UNDECLARED_SELECTOR = YES;
				GCC_WARN_UNINITIALIZED_AUTOS = YES_AGGRESSIVE;
				GCC_WARN_UNUSED_FUNCTION = YES;
				GCC_WARN_UNUSED_VARIABLE = YES;
				IPHONEOS_DEPLOYMENT_TARGET = 9.3;
				MTL_ENABLE_DEBUG_INFO = YES;
				ONLY_ACTIVE_ARCH = YES;
				SDKROOT = iphoneos;
				SWIFT_OPTIMIZATION_LEVEL = "-Onone";
			};
			name = Debug;
		};
		322FFC2D1CADF524001B2C2C /* Release */ = {
			isa = XCBuildConfiguration;
			buildSettings = {
				ALWAYS_SEARCH_USER_PATHS = NO;
				CLANG_ANALYZER_NONNULL = YES;
				CLANG_CXX_LANGUAGE_STANDARD = "gnu++0x";
				CLANG_CXX_LIBRARY = "libc++";
				CLANG_ENABLE_MODULES = YES;
				CLANG_ENABLE_OBJC_ARC = YES;
				CLANG_WARN_BOOL_CONVERSION = YES;
				CLANG_WARN_CONSTANT_CONVERSION = YES;
				CLANG_WARN_DIRECT_OBJC_ISA_USAGE = YES_ERROR;
				CLANG_WARN_EMPTY_BODY = YES;
				CLANG_WARN_ENUM_CONVERSION = YES;
				CLANG_WARN_INT_CONVERSION = YES;
				CLANG_WARN_OBJC_ROOT_CLASS = YES_ERROR;
				CLANG_WARN_UNREACHABLE_CODE = YES;
				CLANG_WARN__DUPLICATE_METHOD_MATCH = YES;
				"CODE_SIGN_IDENTITY[sdk=iphoneos*]" = "iPhone Developer";
				COPY_PHASE_STRIP = NO;
				DEBUG_INFORMATION_FORMAT = "dwarf-with-dsym";
				ENABLE_NS_ASSERTIONS = NO;
				ENABLE_STRICT_OBJC_MSGSEND = YES;
				GCC_C_LANGUAGE_STANDARD = gnu99;
				GCC_NO_COMMON_BLOCKS = YES;
				GCC_WARN_64_TO_32_BIT_CONVERSION = YES;
				GCC_WARN_ABOUT_RETURN_TYPE = YES_ERROR;
				GCC_WARN_UNDECLARED_SELECTOR = YES;
				GCC_WARN_UNINITIALIZED_AUTOS = YES_AGGRESSIVE;
				GCC_WARN_UNUSED_FUNCTION = YES;
				GCC_WARN_UNUSED_VARIABLE = YES;
				IPHONEOS_DEPLOYMENT_TARGET = 9.3;
				MTL_ENABLE_DEBUG_INFO = NO;
				SDKROOT = iphoneos;
				VALIDATE_PRODUCT = YES;
			};
			name = Release;
		};
		322FFC2F1CADF524001B2C2C /* Debug */ = {
			isa = XCBuildConfiguration;
			buildSettings = {
				ASSETCATALOG_COMPILER_APPICON_NAME = AppIcon;
				GCC_PRECOMPILE_PREFIX_HEADER = NO;
				GCC_PREFIX_HEADER = "";
				INFOPLIST_FILE = SWKey/Info.plist;
				LD_RUNPATH_SEARCH_PATHS = "$(inherited) @executable_path/Frameworks";
				PRODUCT_BUNDLE_IDENTIFIER = com.ssopay.SWKey;
				PRODUCT_NAME = "$(TARGET_NAME)";
			};
			name = Debug;
		};
		322FFC301CADF524001B2C2C /* Release */ = {
			isa = XCBuildConfiguration;
			buildSettings = {
				ASSETCATALOG_COMPILER_APPICON_NAME = AppIcon;
				GCC_PRECOMPILE_PREFIX_HEADER = NO;
				GCC_PREFIX_HEADER = "";
				INFOPLIST_FILE = SWKey/Info.plist;
				LD_RUNPATH_SEARCH_PATHS = "$(inherited) @executable_path/Frameworks";
				PRODUCT_BUNDLE_IDENTIFIER = com.ssopay.SWKey;
				PRODUCT_NAME = "$(TARGET_NAME)";
			};
			name = Release;
		};
		322FFC321CADF524001B2C2C /* Debug */ = {
			isa = XCBuildConfiguration;
			buildSettings = {
				BUNDLE_LOADER = "$(TEST_HOST)";
				INFOPLIST_FILE = SWKeyTests/Info.plist;
				LD_RUNPATH_SEARCH_PATHS = "$(inherited) @executable_path/Frameworks @loader_path/Frameworks";
				PRODUCT_BUNDLE_IDENTIFIER = com.ssopay.SWKeyTests;
				PRODUCT_NAME = "$(TARGET_NAME)";
				TEST_HOST = "$(BUILT_PRODUCTS_DIR)/SWKey.app/SWKey";
			};
			name = Debug;
		};
		322FFC331CADF524001B2C2C /* Release */ = {
			isa = XCBuildConfiguration;
			buildSettings = {
				BUNDLE_LOADER = "$(TEST_HOST)";
				INFOPLIST_FILE = SWKeyTests/Info.plist;
				LD_RUNPATH_SEARCH_PATHS = "$(inherited) @executable_path/Frameworks @loader_path/Frameworks";
				PRODUCT_BUNDLE_IDENTIFIER = com.ssopay.SWKeyTests;
				PRODUCT_NAME = "$(TARGET_NAME)";
				TEST_HOST = "$(BUILT_PRODUCTS_DIR)/SWKey.app/SWKey";
			};
			name = Release;
		};
		322FFC351CADF524001B2C2C /* Debug */ = {
			isa = XCBuildConfiguration;
			buildSettings = {
				INFOPLIST_FILE = SWKeyUITests/Info.plist;
				LD_RUNPATH_SEARCH_PATHS = "$(inherited) @executable_path/Frameworks @loader_path/Frameworks";
				PRODUCT_BUNDLE_IDENTIFIER = com.ssopay.SWKeyUITests;
				PRODUCT_NAME = "$(TARGET_NAME)";
				TEST_TARGET_NAME = SWKey;
			};
			name = Debug;
		};
		322FFC361CADF524001B2C2C /* Release */ = {
			isa = XCBuildConfiguration;
			buildSettings = {
				INFOPLIST_FILE = SWKeyUITests/Info.plist;
				LD_RUNPATH_SEARCH_PATHS = "$(inherited) @executable_path/Frameworks @loader_path/Frameworks";
				PRODUCT_BUNDLE_IDENTIFIER = com.ssopay.SWKeyUITests;
				PRODUCT_NAME = "$(TARGET_NAME)";
				TEST_TARGET_NAME = SWKey;
			};
			name = Release;
		};
/* End XCBuildConfiguration section */

/* Begin XCConfigurationList section */
		322FFC011CADF523001B2C2C /* Build configuration list for PBXProject "SWKey" */ = {
			isa = XCConfigurationList;
			buildConfigurations = (
				322FFC2C1CADF524001B2C2C /* Debug */,
				322FFC2D1CADF524001B2C2C /* Release */,
			);
			defaultConfigurationIsVisible = 0;
			defaultConfigurationName = Release;
		};
		322FFC2E1CADF524001B2C2C /* Build configuration list for PBXNativeTarget "SWKey" */ = {
			isa = XCConfigurationList;
			buildConfigurations = (
				322FFC2F1CADF524001B2C2C /* Debug */,
				322FFC301CADF524001B2C2C /* Release */,
			);
			defaultConfigurationIsVisible = 0;
			defaultConfigurationName = Release;
		};
		322FFC311CADF524001B2C2C /* Build configuration list for PBXNativeTarget "SWKeyTests" */ = {
			isa = XCConfigurationList;
			buildConfigurations = (
				322FFC321CADF524001B2C2C /* Debug */,
				322FFC331CADF524001B2C2C /* Release */,
			);
			defaultConfigurationIsVisible = 0;
			defaultConfigurationName = Release;
		};
		322FFC341CADF524001B2C2C /* Build configuration list for PBXNativeTarget "SWKeyUITests" */ = {
			isa = XCConfigurationList;
			buildConfigurations = (
				322FFC351CADF524001B2C2C /* Debug */,
				322FFC361CADF524001B2C2C /* Release */,
			);
			defaultConfigurationIsVisible = 0;
			defaultConfigurationName = Release;
		};
/* End XCConfigurationList section */
	};
	rootObject = 322FFBFE1CADF523001B2C2C /* Project object */;
}
